// !$*UTF8*$!
{
	archiveVersion = 1;
	classes = {
	};
	objectVersion = 56;
	objects = {

/* Begin PBXFileReference section */
		B9471FF02DE00FF300720266 /* bridge.h */ = {isa = PBXFileReference; fileEncoding = 4; lastKnownFileType = sourcecode.c.h; path = bridge.h; sourceTree = "<group>"; };
		B9471FF12DE00FF300720266 /* module.modulemap */ = {isa = PBXFileReference; fileEncoding = 4; lastKnownFileType = "sourcecode.module-map"; path = module.modulemap; sourceTree = "<group>"; };
		B9471FF32DE00FF300720266 /* cocoa_osx.mm */ = {isa = PBXFileReference; fileEncoding = 4; lastKnownFileType = sourcecode.cpp.objcpp; path = cocoa_osx.mm; sourceTree = "<group>"; };
		B9471FF42DE00FF300720266 /* cocoa_osx.swift */ = {isa = PBXFileReference; fileEncoding = 4; lastKnownFileType = sourcecode.swift; path = cocoa_osx.swift; sourceTree = "<group>"; };
		B9471FF62DE00FF300720266 /* application.zig */ = {isa = PBXFileReference; fileEncoding = 4; lastKnownFileType = text; path = application.zig; sourceTree = "<group>"; };
		B9471FF72DE00FF300720266 /* debug.zig */ = {isa = PBXFileReference; fileEncoding = 4; lastKnownFileType = text; path = debug.zig; sourceTree = "<group>"; };
		B9471FF82DE00FF300720266 /* files.zig */ = {isa = PBXFileReference; fileEncoding = 4; lastKnownFileType = text; path = files.zig; sourceTree = "<group>"; };
		B9471FF92DE00FF300720266 /* graphics.zig */ = {isa = PBXFileReference; fileEncoding = 4; lastKnownFileType = text; path = graphics.zig; sourceTree = "<group>"; };
		B9471FFA2DE00FF300720266 /* native.zig */ = {isa = PBXFileReference; fileEncoding = 4; lastKnownFileType = text; path = native.zig; sourceTree = "<group>"; };
		B9471FFC2DE00FF300720266 /* resources.zig */ = {isa = PBXFileReference; fileEncoding = 4; lastKnownFileType = text; path = resources.zig; sourceTree = "<group>"; };
		B9471FFE2DE00FF300720266 /* fluid.glsl */ = {isa = PBXFileReference; fileEncoding = 4; lastKnownFileType = text; path = fluid.glsl; sourceTree = "<group>"; };
		B9471FFF2DE00FF300720266 /* fluid.glsl.zig */ = {isa = PBXFileReference; fileEncoding = 4; lastKnownFileType = text; path = fluid.glsl.zig; sourceTree = "<group>"; };
		B94720002DE00FF300720266 /* shader.metal */ = {isa = PBXFileReference; fileEncoding = 4; lastKnownFileType = sourcecode.metal; path = shader.metal; sourceTree = "<group>"; };
		B94720022DE00FF300720266 /* main.zig */ = {isa = PBXFileReference; fileEncoding = 4; lastKnownFileType = text; path = main.zig; sourceTree = "<group>"; };
		B94720042DE00FF300720266 /* main.zig */ = {isa = PBXFileReference; fileEncoding = 4; lastKnownFileType = text; path = main.zig; sourceTree = "<group>"; };
/* End PBXFileReference section */

/* Begin PBXGroup section */
		B9471FF22DE00FF300720266 /* include */ = {
			isa = PBXGroup;
			children = (
				B9471FF02DE00FF300720266 /* bridge.h */,
				B9471FF12DE00FF300720266 /* module.modulemap */,
			);
			path = include;
			sourceTree = "<group>";
		};
		B9471FF52DE00FF300720266 /* darwin */ = {
			isa = PBXGroup;
			children = (
				B9471FF22DE00FF300720266 /* include */,
				B9471FF32DE00FF300720266 /* cocoa_osx.mm */,
				B9471FF42DE00FF300720266 /* cocoa_osx.swift */,
			);
			path = darwin;
			sourceTree = "<group>";
		};
		B9471FFB2DE00FF300720266 /* engine */ = {
			isa = PBXGroup;
			children = (
				B9471FF52DE00FF300720266 /* darwin */,
				B9471FF62DE00FF300720266 /* application.zig */,
				B9471FF72DE00FF300720266 /* debug.zig */,
				B9471FF82DE00FF300720266 /* files.zig */,
				B9471FF92DE00FF300720266 /* graphics.zig */,
				B9471FFA2DE00FF300720266 /* native.zig */,
			);
			path = engine;
			sourceTree = "<group>";
		};
		B9471FFD2DE00FF300720266 /* library */ = {
			isa = PBXGroup;
			children = (
				B9471FFC2DE00FF300720266 /* resources.zig */,
			);
			path = library;
			sourceTree = "<group>";
		};
		B94720012DE00FF300720266 /* shaders */ = {
			isa = PBXGroup;
			children = (
				B9471FFE2DE00FF300720266 /* fluid.glsl */,
				B9471FFF2DE00FF300720266 /* fluid.glsl.zig */,
				B94720002DE00FF300720266 /* shader.metal */,
			);
			path = shaders;
			sourceTree = "<group>";
		};
		B94720032DE00FF300720266 /* fluid */ = {
			isa = PBXGroup;
			children = (
				B9471FFD2DE00FF300720266 /* library */,
				B94720012DE00FF300720266 /* shaders */,
				B94720022DE00FF300720266 /* main.zig */,
			);
			path = fluid;
			sourceTree = "<group>";
		};
		B94720052DE00FF300720266 /* your_project_goes_here */ = {
			isa = PBXGroup;
			children = (
				B94720042DE00FF300720266 /* main.zig */,
			);
			path = your_project_goes_here;
			sourceTree = "<group>";
		};
		B94720062DE00FF300720266 /* src */ = {
			isa = PBXGroup;
			children = (
				B9471FFB2DE00FF300720266 /* engine */,
				B94720032DE00FF300720266 /* fluid */,
				B94720052DE00FF300720266 /* your_project_goes_here */,
			);
			name = src;
			path = ../../src;
			sourceTree = "<group>";
		};
		B99B810B2DD45360003FB7BA = {
			isa = PBXGroup;
			children = (
				B94720062DE00FF300720266 /* src */,
			);
			sourceTree = "<group>";
		};
/* End PBXGroup section */

/* Begin PBXLegacyTarget section */
		B9471FE92DD5ADC100720266 /* Zig */ = {
			isa = PBXLegacyTarget;
			buildArgumentsString = build;
			buildConfigurationList = B9471FEA2DD5ADC100720266 /* Build configuration list for PBXLegacyTarget "Zig" */;
			buildPhases = (
			);
			buildToolPath = /opt/homebrew/bin/zig;
			buildWorkingDirectory = "";
			dependencies = (
			);
			name = Zig;
			passBuildSettingsInEnvironment = 1;
			productName = Zig;
		};
/* End PBXLegacyTarget section */

/* Begin PBXProject section */
		B99B810C2DD45360003FB7BA /* Project object */ = {
			isa = PBXProject;
			attributes = {
				BuildIndependentTargetsInParallel = 1;
				LastUpgradeCheck = 1530;
				TargetAttributes = {
					B9471FE92DD5ADC100720266 = {
						CreatedOnToolsVersion = 15.3;
					};
				};
			};
			buildConfigurationList = B99B810F2DD45360003FB7BA /* Build configuration list for PBXProject "Fluid Simulation" */;
			compatibilityVersion = "Xcode 14.0";
			developmentRegion = en;
			hasScannedForEncodings = 0;
			knownRegions = (
				en,
				Base,
			);
			mainGroup = B99B810B2DD45360003FB7BA;
			projectDirPath = "";
			projectRoot = "";
			targets = (
				B9471FE92DD5ADC100720266 /* Zig */,
			);
		};
/* End PBXProject section */

/* Begin XCBuildConfiguration section */
		B9471FEB2DD5ADC100720266 /* Debug */ = {
			isa = XCBuildConfiguration;
			buildSettings = {
				ALWAYS_SEARCH_USER_PATHS = NO;
				ASSETCATALOG_COMPILER_GENERATE_SWIFT_ASSET_SYMBOL_EXTENSIONS = YES;
				CLANG_ANALYZER_NONNULL = YES;
				CLANG_ANALYZER_NUMBER_OBJECT_CONVERSION = YES_AGGRESSIVE;
				CLANG_CXX_LANGUAGE_STANDARD = "gnu++20";
				CLANG_ENABLE_MODULES = YES;
				CLANG_ENABLE_OBJC_ARC = YES;
				CLANG_ENABLE_OBJC_WEAK = YES;
				CLANG_WARN_BLOCK_CAPTURE_AUTORELEASING = YES;
				CLANG_WARN_BOOL_CONVERSION = YES;
				CLANG_WARN_COMMA = YES;
				CLANG_WARN_CONSTANT_CONVERSION = YES;
				CLANG_WARN_DEPRECATED_OBJC_IMPLEMENTATIONS = YES;
				CLANG_WARN_DIRECT_OBJC_ISA_USAGE = YES_ERROR;
				CLANG_WARN_DOCUMENTATION_COMMENTS = YES;
				CLANG_WARN_EMPTY_BODY = YES;
				CLANG_WARN_ENUM_CONVERSION = YES;
				CLANG_WARN_INFINITE_RECURSION = YES;
				CLANG_WARN_INT_CONVERSION = YES;
				CLANG_WARN_NON_LITERAL_NULL_CONVERSION = YES;
				CLANG_WARN_OBJC_IMPLICIT_RETAIN_SELF = YES;
				CLANG_WARN_OBJC_LITERAL_CONVERSION = YES;
				CLANG_WARN_OBJC_ROOT_CLASS = YES_ERROR;
				CLANG_WARN_QUOTED_INCLUDE_IN_FRAMEWORK_HEADER = YES;
				CLANG_WARN_RANGE_LOOP_ANALYSIS = YES;
				CLANG_WARN_STRICT_PROTOTYPES = YES;
				CLANG_WARN_SUSPICIOUS_MOVE = YES;
				CLANG_WARN_UNGUARDED_AVAILABILITY = YES_AGGRESSIVE;
				CLANG_WARN_UNREACHABLE_CODE = YES;
				CLANG_WARN__DUPLICATE_METHOD_MATCH = YES;
				CODE_SIGN_STYLE = Automatic;
				COPY_PHASE_STRIP = NO;
				DEBUGGING_SYMBOLS = YES;
				DEBUG_INFORMATION_FORMAT = dwarf;
				ENABLE_STRICT_OBJC_MSGSEND = YES;
				ENABLE_TESTABILITY = YES;
				ENABLE_USER_SCRIPT_SANDBOXING = YES;
				GCC_C_LANGUAGE_STANDARD = gnu17;
				GCC_DYNAMIC_NO_PIC = NO;
				GCC_GENERATE_DEBUGGING_SYMBOLS = YES;
				GCC_NO_COMMON_BLOCKS = YES;
				GCC_OPTIMIZATION_LEVEL = 0;
				GCC_PREPROCESSOR_DEFINITIONS = (
					"DEBUG=1",
					"$(inherited)",
				);
				GCC_WARN_64_TO_32_BIT_CONVERSION = YES;
				GCC_WARN_ABOUT_RETURN_TYPE = YES_ERROR;
				GCC_WARN_UNDECLARED_SELECTOR = YES;
				GCC_WARN_UNINITIALIZED_AUTOS = YES_AGGRESSIVE;
				GCC_WARN_UNUSED_FUNCTION = YES;
				GCC_WARN_UNUSED_VARIABLE = YES;
				LOCALIZATION_PREFERS_STRING_CATALOGS = YES;
				MTL_ENABLE_DEBUG_INFO = INCLUDE_SOURCE;
				MTL_FAST_MATH = YES;
				ONLY_ACTIVE_ARCH = YES;
				OTHER_CFLAGS = "";
				OTHER_LDFLAGS = "";
				PRODUCT_NAME = "$(TARGET_NAME)";
			};
			name = Debug;
		};
		B9471FEC2DD5ADC100720266 /* Release */ = {
			isa = XCBuildConfiguration;
			buildSettings = {
				ALWAYS_SEARCH_USER_PATHS = NO;
				ASSETCATALOG_COMPILER_GENERATE_SWIFT_ASSET_SYMBOL_EXTENSIONS = YES;
				CLANG_ANALYZER_NONNULL = YES;
				CLANG_ANALYZER_NUMBER_OBJECT_CONVERSION = YES_AGGRESSIVE;
				CLANG_CXX_LANGUAGE_STANDARD = "gnu++20";
				CLANG_ENABLE_MODULES = YES;
				CLANG_ENABLE_OBJC_ARC = YES;
				CLANG_ENABLE_OBJC_WEAK = YES;
				CLANG_WARN_BLOCK_CAPTURE_AUTORELEASING = YES;
				CLANG_WARN_BOOL_CONVERSION = YES;
				CLANG_WARN_COMMA = YES;
				CLANG_WARN_CONSTANT_CONVERSION = YES;
				CLANG_WARN_DEPRECATED_OBJC_IMPLEMENTATIONS = YES;
				CLANG_WARN_DIRECT_OBJC_ISA_USAGE = YES_ERROR;
				CLANG_WARN_DOCUMENTATION_COMMENTS = YES;
				CLANG_WARN_EMPTY_BODY = YES;
				CLANG_WARN_ENUM_CONVERSION = YES;
				CLANG_WARN_INFINITE_RECURSION = YES;
				CLANG_WARN_INT_CONVERSION = YES;
				CLANG_WARN_NON_LITERAL_NULL_CONVERSION = YES;
				CLANG_WARN_OBJC_IMPLICIT_RETAIN_SELF = YES;
				CLANG_WARN_OBJC_LITERAL_CONVERSION = YES;
				CLANG_WARN_OBJC_ROOT_CLASS = YES_ERROR;
				CLANG_WARN_QUOTED_INCLUDE_IN_FRAMEWORK_HEADER = YES;
				CLANG_WARN_RANGE_LOOP_ANALYSIS = YES;
				CLANG_WARN_STRICT_PROTOTYPES = YES;
				CLANG_WARN_SUSPICIOUS_MOVE = YES;
				CLANG_WARN_UNGUARDED_AVAILABILITY = YES_AGGRESSIVE;
				CLANG_WARN_UNREACHABLE_CODE = YES;
				CLANG_WARN__DUPLICATE_METHOD_MATCH = YES;
				CODE_SIGN_STYLE = Automatic;
				COPY_PHASE_STRIP = NO;
				DEBUG_INFORMATION_FORMAT = "dwarf-with-dsym";
				ENABLE_NS_ASSERTIONS = NO;
				ENABLE_STRICT_OBJC_MSGSEND = YES;
				ENABLE_USER_SCRIPT_SANDBOXING = YES;
				GCC_C_LANGUAGE_STANDARD = gnu17;
				GCC_NO_COMMON_BLOCKS = YES;
				GCC_WARN_64_TO_32_BIT_CONVERSION = YES;
				GCC_WARN_ABOUT_RETURN_TYPE = YES_ERROR;
				GCC_WARN_UNDECLARED_SELECTOR = YES;
				GCC_WARN_UNINITIALIZED_AUTOS = YES_AGGRESSIVE;
				GCC_WARN_UNUSED_FUNCTION = YES;
				GCC_WARN_UNUSED_VARIABLE = YES;
				LOCALIZATION_PREFERS_STRING_CATALOGS = YES;
				MTL_ENABLE_DEBUG_INFO = NO;
				MTL_FAST_MATH = YES;
				OTHER_CFLAGS = "";
				OTHER_LDFLAGS = "";
				PRODUCT_NAME = "$(TARGET_NAME)";
			};
			name = Release;
		};
		B99B81102DD45360003FB7BA /* Debug */ = {
			isa = XCBuildConfiguration;
			buildSettings = {
			};
			name = Debug;
		};
		B99B81112DD45360003FB7BA /* Release */ = {
			isa = XCBuildConfiguration;
			buildSettings = {
			};
			name = Release;
		};
/* End XCBuildConfiguration section */

/* Begin XCConfigurationList section */
		B9471FEA2DD5ADC100720266 /* Build configuration list for PBXLegacyTarget "Zig" */ = {
			isa = XCConfigurationList;
			buildConfigurations = (
				B9471FEB2DD5ADC100720266 /* Debug */,
				B9471FEC2DD5ADC100720266 /* Release */,
			);
			defaultConfigurationIsVisible = 0;
			defaultConfigurationName = Release;
		};
		B99B810F2DD45360003FB7BA /* Build configuration list for PBXProject "Fluid Simulation" */ = {
			isa = XCConfigurationList;
			buildConfigurations = (
				B99B81102DD45360003FB7BA /* Debug */,
				B99B81112DD45360003FB7BA /* Release */,
			);
			defaultConfigurationIsVisible = 0;
			defaultConfigurationName = Release;
		};
/* End XCConfigurationList section */
	};
	rootObject = B99B810C2DD45360003FB7BA /* Project object */;
}
